// !$*UTF8*$!
{
	archiveVersion = 1;
	classes = {
	};
	objectVersion = 50;
	objects = {

/* Begin PBXBuildFile section */
		4F2EC8EC26DE6D2600174B57 /* AppDelegate.swift in Sources */ = {isa = PBXBuildFile; fileRef = 4F2EC8EB26DE6D2600174B57 /* AppDelegate.swift */; };
		4F2EC8EE26DE6D2600174B57 /* SceneDelegate.swift in Sources */ = {isa = PBXBuildFile; fileRef = 4F2EC8ED26DE6D2600174B57 /* SceneDelegate.swift */; };
		4F2EC8F026DE6D2600174B57 /* HomeViewController.swift in Sources */ = {isa = PBXBuildFile; fileRef = 4F2EC8EF26DE6D2600174B57 /* HomeViewController.swift */; };
		4F2EC8F526DE6D2900174B57 /* Assets.xcassets in Resources */ = {isa = PBXBuildFile; fileRef = 4F2EC8F426DE6D2900174B57 /* Assets.xcassets */; };
		4F2EC8F826DE6D2900174B57 /* LaunchScreen.storyboard in Resources */ = {isa = PBXBuildFile; fileRef = 4F2EC8F626DE6D2900174B57 /* LaunchScreen.storyboard */; };
		4F2EC90126DE6DE000174B57 /* Currently.swift in Sources */ = {isa = PBXBuildFile; fileRef = 4F2EC90026DE6DE000174B57 /* Currently.swift */; };
		4F2EC90326DE732500174B57 /* Main.swift in Sources */ = {isa = PBXBuildFile; fileRef = 4F2EC90226DE732500174B57 /* Main.swift */; };
		4F2EC90526DE741100174B57 /* Wind.swift in Sources */ = {isa = PBXBuildFile; fileRef = 4F2EC90426DE741100174B57 /* Wind.swift */; };
		4F3EF8ED26DFEC3F0029E1D9 /* HomeModel.swift in Sources */ = {isa = PBXBuildFile; fileRef = 4F3EF8EC26DFEC3F0029E1D9 /* HomeModel.swift */; };
		4F3EF8F326DFEE400029E1D9 /* CurrentWeatherProvider.swift in Sources */ = {isa = PBXBuildFile; fileRef = 4F3EF8F226DFEE400029E1D9 /* CurrentWeatherProvider.swift */; };
		4F3EF8F626DFEF010029E1D9 /* Constants.swift in Sources */ = {isa = PBXBuildFile; fileRef = 4F3EF8F526DFEF010029E1D9 /* Constants.swift */; };
		4F3EF8F826DFF1A10029E1D9 /* HomeViewModel.swift in Sources */ = {isa = PBXBuildFile; fileRef = 4F3EF8F726DFF1A10029E1D9 /* HomeViewModel.swift */; };
		4F3EF8FB26DFF6270029E1D9 /* Double+Extensions.swift in Sources */ = {isa = PBXBuildFile; fileRef = 4F3EF8FA26DFF6270029E1D9 /* Double+Extensions.swift */; };
		4FC9082C26DFA8990013FC01 /* Weather.swift in Sources */ = {isa = PBXBuildFile; fileRef = 4FC9082B26DFA8990013FC01 /* Weather.swift */; };
		4FC9083126DFB7F70013FC01 /* Main.storyboard in Resources */ = {isa = PBXBuildFile; fileRef = 4FC9082F26DFB7F70013FC01 /* Main.storyboard */; };
/* End PBXBuildFile section */

/* Begin PBXFileReference section */
		4F2EC8E826DE6D2600174B57 /* WeatherApp.app */ = {isa = PBXFileReference; explicitFileType = wrapper.application; includeInIndex = 0; path = WeatherApp.app; sourceTree = BUILT_PRODUCTS_DIR; };
		4F2EC8EB26DE6D2600174B57 /* AppDelegate.swift */ = {isa = PBXFileReference; lastKnownFileType = sourcecode.swift; path = AppDelegate.swift; sourceTree = "<group>"; };
		4F2EC8ED26DE6D2600174B57 /* SceneDelegate.swift */ = {isa = PBXFileReference; lastKnownFileType = sourcecode.swift; path = SceneDelegate.swift; sourceTree = "<group>"; };
		4F2EC8EF26DE6D2600174B57 /* HomeViewController.swift */ = {isa = PBXFileReference; lastKnownFileType = sourcecode.swift; path = HomeViewController.swift; sourceTree = "<group>"; };
		4F2EC8F426DE6D2900174B57 /* Assets.xcassets */ = {isa = PBXFileReference; lastKnownFileType = folder.assetcatalog; path = Assets.xcassets; sourceTree = "<group>"; };
		4F2EC8F726DE6D2900174B57 /* Base */ = {isa = PBXFileReference; lastKnownFileType = file.storyboard; name = Base; path = Base.lproj/LaunchScreen.storyboard; sourceTree = "<group>"; };
		4F2EC8F926DE6D2900174B57 /* Info.plist */ = {isa = PBXFileReference; lastKnownFileType = text.plist.xml; path = Info.plist; sourceTree = "<group>"; };
		4F2EC90026DE6DE000174B57 /* Currently.swift */ = {isa = PBXFileReference; lastKnownFileType = sourcecode.swift; path = Currently.swift; sourceTree = "<group>"; };
		4F2EC90226DE732500174B57 /* Main.swift */ = {isa = PBXFileReference; lastKnownFileType = sourcecode.swift; path = Main.swift; sourceTree = "<group>"; };
		4F2EC90426DE741100174B57 /* Wind.swift */ = {isa = PBXFileReference; lastKnownFileType = sourcecode.swift; path = Wind.swift; sourceTree = "<group>"; };
		4F3EF8EC26DFEC3F0029E1D9 /* HomeModel.swift */ = {isa = PBXFileReference; lastKnownFileType = sourcecode.swift; path = HomeModel.swift; sourceTree = "<group>"; };
		4F3EF8F226DFEE400029E1D9 /* CurrentWeatherProvider.swift */ = {isa = PBXFileReference; lastKnownFileType = sourcecode.swift; path = CurrentWeatherProvider.swift; sourceTree = "<group>"; };
		4F3EF8F526DFEF010029E1D9 /* Constants.swift */ = {isa = PBXFileReference; lastKnownFileType = sourcecode.swift; path = Constants.swift; sourceTree = "<group>"; };
		4F3EF8F726DFF1A10029E1D9 /* HomeViewModel.swift */ = {isa = PBXFileReference; lastKnownFileType = sourcecode.swift; path = HomeViewModel.swift; sourceTree = "<group>"; };
		4F3EF8FA26DFF6270029E1D9 /* Double+Extensions.swift */ = {isa = PBXFileReference; lastKnownFileType = sourcecode.swift; path = "Double+Extensions.swift"; sourceTree = "<group>"; };
		4FC9082B26DFA8990013FC01 /* Weather.swift */ = {isa = PBXFileReference; lastKnownFileType = sourcecode.swift; path = Weather.swift; sourceTree = "<group>"; };
		4FC9083026DFB7F70013FC01 /* Base */ = {isa = PBXFileReference; lastKnownFileType = file.storyboard; name = Base; path = WeatherApp/Base.lproj/Main.storyboard; sourceTree = "<group>"; };
/* End PBXFileReference section */

/* Begin PBXFrameworksBuildPhase section */
		4F2EC8E526DE6D2600174B57 /* Frameworks */ = {
			isa = PBXFrameworksBuildPhase;
			buildActionMask = 2147483647;
			files = (
			);
			runOnlyForDeploymentPostprocessing = 0;
		};
/* End PBXFrameworksBuildPhase section */

/* Begin PBXGroup section */
		4F2EC8DF26DE6D2600174B57 = {
			isa = PBXGroup;
			children = (
				4F2EC8EA26DE6D2600174B57 /* WeatherApp */,
				4F2EC8E926DE6D2600174B57 /* Products */,
			);
			sourceTree = "<group>";
		};
		4F2EC8E926DE6D2600174B57 /* Products */ = {
			isa = PBXGroup;
			children = (
				4F2EC8E826DE6D2600174B57 /* WeatherApp.app */,
			);
			name = Products;
			sourceTree = "<group>";
		};
		4F2EC8EA26DE6D2600174B57 /* WeatherApp */ = {
			isa = PBXGroup;
			children = (
				4F3EF8F026DFED310029E1D9 /* Shared */,
				4FC9082A26DF74D90013FC01 /* HomeScreen */,
				4F2EC8EB26DE6D2600174B57 /* AppDelegate.swift */,
				4FC9082F26DFB7F70013FC01 /* Main.storyboard */,
				4F2EC8ED26DE6D2600174B57 /* SceneDelegate.swift */,
				4F2EC8F426DE6D2900174B57 /* Assets.xcassets */,
				4F2EC8F626DE6D2900174B57 /* LaunchScreen.storyboard */,
				4F2EC8F926DE6D2900174B57 /* Info.plist */,
			);
			path = WeatherApp;
			sourceTree = "<group>";
		};
		4F2EC8FF26DE6D6700174B57 /* Models */ = {
			isa = PBXGroup;
			children = (
				4F2EC90026DE6DE000174B57 /* Currently.swift */,
				4F2EC90226DE732500174B57 /* Main.swift */,
				4F2EC90426DE741100174B57 /* Wind.swift */,
				4FC9082B26DFA8990013FC01 /* Weather.swift */,
				4F3EF8EC26DFEC3F0029E1D9 /* HomeModel.swift */,
			);
			path = Models;
			sourceTree = "<group>";
		};
		4F3EF8EE26DFED020029E1D9 /* View */ = {
			isa = PBXGroup;
			children = (
				4F2EC8EF26DE6D2600174B57 /* HomeViewController.swift */,
			);
			path = View;
			sourceTree = "<group>";
		};
		4F3EF8EF26DFED100029E1D9 /* ViewModel */ = {
			isa = PBXGroup;
			children = (
				4F3EF8F726DFF1A10029E1D9 /* HomeViewModel.swift */,
			);
			path = ViewModel;
			sourceTree = "<group>";
		};
		4F3EF8F026DFED310029E1D9 /* Shared */ = {
			isa = PBXGroup;
			children = (
				4F3EF8F926DFF60B0029E1D9 /* Extensions */,
				4F3EF8F426DFEEE00029E1D9 /* Constants */,
				4F3EF8F126DFED550029E1D9 /* Networking */,
			);
			path = Shared;
			sourceTree = "<group>";
		};
		4F3EF8F126DFED550029E1D9 /* Networking */ = {
			isa = PBXGroup;
			children = (
				4F3EF8F226DFEE400029E1D9 /* CurrentWeatherProvider.swift */,
			);
			path = Networking;
			sourceTree = "<group>";
		};
		4F3EF8F426DFEEE00029E1D9 /* Constants */ = {
			isa = PBXGroup;
			children = (
				4F3EF8F526DFEF010029E1D9 /* Constants.swift */,
			);
			path = Constants;
			sourceTree = "<group>";
		};
		4F3EF8F926DFF60B0029E1D9 /* Extensions */ = {
			isa = PBXGroup;
			children = (
				4F3EF8FA26DFF6270029E1D9 /* Double+Extensions.swift */,
			);
			path = Extensions;
			sourceTree = "<group>";
		};
		4FC9082A26DF74D90013FC01 /* HomeScreen */ = {
			isa = PBXGroup;
			children = (
				4F3EF8EF26DFED100029E1D9 /* ViewModel */,
				4F3EF8EE26DFED020029E1D9 /* View */,
				4F2EC8FF26DE6D6700174B57 /* Models */,
			);
			path = HomeScreen;
			sourceTree = "<group>";
		};
/* End PBXGroup section */

/* Begin PBXNativeTarget section */
		4F2EC8E726DE6D2600174B57 /* WeatherApp */ = {
			isa = PBXNativeTarget;
			buildConfigurationList = 4F2EC8FC26DE6D2900174B57 /* Build configuration list for PBXNativeTarget "WeatherApp" */;
			buildPhases = (
				4F2EC8E426DE6D2600174B57 /* Sources */,
				4F2EC8E526DE6D2600174B57 /* Frameworks */,
				4F2EC8E626DE6D2600174B57 /* Resources */,
			);
			buildRules = (
			);
			dependencies = (
			);
			name = WeatherApp;
			productName = WeatherApp;
			productReference = 4F2EC8E826DE6D2600174B57 /* WeatherApp.app */;
			productType = "com.apple.product-type.application";
		};
/* End PBXNativeTarget section */

/* Begin PBXProject section */
		4F2EC8E026DE6D2600174B57 /* Project object */ = {
			isa = PBXProject;
			attributes = {
				LastSwiftUpdateCheck = 1250;
				LastUpgradeCheck = 1250;
				TargetAttributes = {
					4F2EC8E726DE6D2600174B57 = {
						CreatedOnToolsVersion = 12.5.1;
					};
				};
			};
			buildConfigurationList = 4F2EC8E326DE6D2600174B57 /* Build configuration list for PBXProject "WeatherApp" */;
			compatibilityVersion = "Xcode 9.3";
			developmentRegion = en;
			hasScannedForEncodings = 0;
			knownRegions = (
				en,
				Base,
			);
			mainGroup = 4F2EC8DF26DE6D2600174B57;
			productRefGroup = 4F2EC8E926DE6D2600174B57 /* Products */;
			projectDirPath = "";
			projectRoot = "";
			targets = (
				4F2EC8E726DE6D2600174B57 /* WeatherApp */,
			);
		};
/* End PBXProject section */

/* Begin PBXResourcesBuildPhase section */
		4F2EC8E626DE6D2600174B57 /* Resources */ = {
			isa = PBXResourcesBuildPhase;
			buildActionMask = 2147483647;
			files = (
				4F2EC8F826DE6D2900174B57 /* LaunchScreen.storyboard in Resources */,
				4F2EC8F526DE6D2900174B57 /* Assets.xcassets in Resources */,
				4FC9083126DFB7F70013FC01 /* Main.storyboard in Resources */,
			);
			runOnlyForDeploymentPostprocessing = 0;
		};
/* End PBXResourcesBuildPhase section */

/* Begin PBXSourcesBuildPhase section */
		4F2EC8E426DE6D2600174B57 /* Sources */ = {
			isa = PBXSourcesBuildPhase;
			buildActionMask = 2147483647;
			files = (
				4F3EF8FB26DFF6270029E1D9 /* Double+Extensions.swift in Sources */,
				4F3EF8F326DFEE400029E1D9 /* CurrentWeatherProvider.swift in Sources */,
				4F3EF8F826DFF1A10029E1D9 /* HomeViewModel.swift in Sources */,
				4F2EC90326DE732500174B57 /* Main.swift in Sources */,
				4F2EC8F026DE6D2600174B57 /* HomeViewController.swift in Sources */,
				4F2EC8EC26DE6D2600174B57 /* AppDelegate.swift in Sources */,
				4F2EC90126DE6DE000174B57 /* Currently.swift in Sources */,
				4F3EF8F626DFEF010029E1D9 /* Constants.swift in Sources */,
				4F3EF8ED26DFEC3F0029E1D9 /* HomeModel.swift in Sources */,
				4F2EC8EE26DE6D2600174B57 /* SceneDelegate.swift in Sources */,
				4F2EC90526DE741100174B57 /* Wind.swift in Sources */,
				4FC9082C26DFA8990013FC01 /* Weather.swift in Sources */,
			);
			runOnlyForDeploymentPostprocessing = 0;
		};
/* End PBXSourcesBuildPhase section */

/* Begin PBXVariantGroup section */
		4F2EC8F626DE6D2900174B57 /* LaunchScreen.storyboard */ = {
			isa = PBXVariantGroup;
			children = (
				4F2EC8F726DE6D2900174B57 /* Base */,
			);
			name = LaunchScreen.storyboard;
			sourceTree = "<group>";
		};
		4FC9082F26DFB7F70013FC01 /* Main.storyboard */ = {
			isa = PBXVariantGroup;
			children = (
				4FC9083026DFB7F70013FC01 /* Base */,
			);
			name = Main.storyboard;
			sourceTree = "<group>";
		};
/* End PBXVariantGroup section */

/* Begin XCBuildConfiguration section */
		4F2EC8FA26DE6D2900174B57 /* Debug */ = {
			isa = XCBuildConfiguration;
			buildSettings = {
				ALWAYS_SEARCH_USER_PATHS = NO;
				CLANG_ANALYZER_NONNULL = YES;
				CLANG_ANALYZER_NUMBER_OBJECT_CONVERSION = YES_AGGRESSIVE;
				CLANG_CXX_LANGUAGE_STANDARD = "gnu++14";
				CLANG_CXX_LIBRARY = "libc++";
				CLANG_ENABLE_MODULES = YES;
				CLANG_ENABLE_OBJC_ARC = YES;
				CLANG_ENABLE_OBJC_WEAK = YES;
				CLANG_WARN_BLOCK_CAPTURE_AUTORELEASING = YES;
				CLANG_WARN_BOOL_CONVERSION = YES;
				CLANG_WARN_COMMA = YES;
				CLANG_WARN_CONSTANT_CONVERSION = YES;
				CLANG_WARN_DEPRECATED_OBJC_IMPLEMENTATIONS = YES;
				CLANG_WARN_DIRECT_OBJC_ISA_USAGE = YES_ERROR;
				CLANG_WARN_DOCUMENTATION_COMMENTS = YES;
				CLANG_WARN_EMPTY_BODY = YES;
				CLANG_WARN_ENUM_CONVERSION = YES;
				CLANG_WARN_INFINITE_RECURSION = YES;
				CLANG_WARN_INT_CONVERSION = YES;
				CLANG_WARN_NON_LITERAL_NULL_CONVERSION = YES;
				CLANG_WARN_OBJC_IMPLICIT_RETAIN_SELF = YES;
				CLANG_WARN_OBJC_LITERAL_CONVERSION = YES;
				CLANG_WARN_OBJC_ROOT_CLASS = YES_ERROR;
				CLANG_WARN_QUOTED_INCLUDE_IN_FRAMEWORK_HEADER = YES;
				CLANG_WARN_RANGE_LOOP_ANALYSIS = YES;
				CLANG_WARN_STRICT_PROTOTYPES = YES;
				CLANG_WARN_SUSPICIOUS_MOVE = YES;
				CLANG_WARN_UNGUARDED_AVAILABILITY = YES_AGGRESSIVE;
				CLANG_WARN_UNREACHABLE_CODE = YES;
				CLANG_WARN__DUPLICATE_METHOD_MATCH = YES;
				COPY_PHASE_STRIP = NO;
				DEBUG_INFORMATION_FORMAT = dwarf;
				ENABLE_STRICT_OBJC_MSGSEND = YES;
				ENABLE_TESTABILITY = YES;
				GCC_C_LANGUAGE_STANDARD = gnu11;
				GCC_DYNAMIC_NO_PIC = NO;
				GCC_NO_COMMON_BLOCKS = YES;
				GCC_OPTIMIZATION_LEVEL = 0;
				GCC_PREPROCESSOR_DEFINITIONS = (
					"DEBUG=1",
					"$(inherited)",
				);
				GCC_WARN_64_TO_32_BIT_CONVERSION = YES;
				GCC_WARN_ABOUT_RETURN_TYPE = YES_ERROR;
				GCC_WARN_UNDECLARED_SELECTOR = YES;
				GCC_WARN_UNINITIALIZED_AUTOS = YES_AGGRESSIVE;
				GCC_WARN_UNUSED_FUNCTION = YES;
				GCC_WARN_UNUSED_VARIABLE = YES;
				IPHONEOS_DEPLOYMENT_TARGET = 14.5;
				MTL_ENABLE_DEBUG_INFO = INCLUDE_SOURCE;
				MTL_FAST_MATH = YES;
				ONLY_ACTIVE_ARCH = YES;
				SDKROOT = iphoneos;
				SWIFT_ACTIVE_COMPILATION_CONDITIONS = DEBUG;
				SWIFT_OPTIMIZATION_LEVEL = "-Onone";
			};
			name = Debug;
		};
		4F2EC8FB26DE6D2900174B57 /* Release */ = {
			isa = XCBuildConfiguration;
			buildSettings = {
				ALWAYS_SEARCH_USER_PATHS = NO;
				CLANG_ANALYZER_NONNULL = YES;
				CLANG_ANALYZER_NUMBER_OBJECT_CONVERSION = YES_AGGRESSIVE;
				CLANG_CXX_LANGUAGE_STANDARD = "gnu++14";
				CLANG_CXX_LIBRARY = "libc++";
				CLANG_ENABLE_MODULES = YES;
				CLANG_ENABLE_OBJC_ARC = YES;
				CLANG_ENABLE_OBJC_WEAK = YES;
				CLANG_WARN_BLOCK_CAPTURE_AUTORELEASING = YES;
				CLANG_WARN_BOOL_CONVERSION = YES;
				CLANG_WARN_COMMA = YES;
				CLANG_WARN_CONSTANT_CONVERSION = YES;
				CLANG_WARN_DEPRECATED_OBJC_IMPLEMENTATIONS = YES;
				CLANG_WARN_DIRECT_OBJC_ISA_USAGE = YES_ERROR;
				CLANG_WARN_DOCUMENTATION_COMMENTS = YES;
				CLANG_WARN_EMPTY_BODY = YES;
				CLANG_WARN_ENUM_CONVERSION = YES;
				CLANG_WARN_INFINITE_RECURSION = YES;
				CLANG_WARN_INT_CONVERSION = YES;
				CLANG_WARN_NON_LITERAL_NULL_CONVERSION = YES;
				CLANG_WARN_OBJC_IMPLICIT_RETAIN_SELF = YES;
				CLANG_WARN_OBJC_LITERAL_CONVERSION = YES;
				CLANG_WARN_OBJC_ROOT_CLASS = YES_ERROR;
				CLANG_WARN_QUOTED_INCLUDE_IN_FRAMEWORK_HEADER = YES;
				CLANG_WARN_RANGE_LOOP_ANALYSIS = YES;
				CLANG_WARN_STRICT_PROTOTYPES = YES;
				CLANG_WARN_SUSPICIOUS_MOVE = YES;
				CLANG_WARN_UNGUARDED_AVAILABILITY = YES_AGGRESSIVE;
				CLANG_WARN_UNREACHABLE_CODE = YES;
				CLANG_WARN__DUPLICATE_METHOD_MATCH = YES;
				COPY_PHASE_STRIP = NO;
				DEBUG_INFORMATION_FORMAT = "dwarf-with-dsym";
				ENABLE_NS_ASSERTIONS = NO;
				ENABLE_STRICT_OBJC_MSGSEND = YES;
				GCC_C_LANGUAGE_STANDARD = gnu11;
				GCC_NO_COMMON_BLOCKS = YES;
				GCC_WARN_64_TO_32_BIT_CONVERSION = YES;
				GCC_WARN_ABOUT_RETURN_TYPE = YES_ERROR;
				GCC_WARN_UNDECLARED_SELECTOR = YES;
				GCC_WARN_UNINITIALIZED_AUTOS = YES_AGGRESSIVE;
				GCC_WARN_UNUSED_FUNCTION = YES;
				GCC_WARN_UNUSED_VARIABLE = YES;
				IPHONEOS_DEPLOYMENT_TARGET = 14.5;
				MTL_ENABLE_DEBUG_INFO = NO;
				MTL_FAST_MATH = YES;
				SDKROOT = iphoneos;
				SWIFT_COMPILATION_MODE = wholemodule;
				SWIFT_OPTIMIZATION_LEVEL = "-O";
				VALIDATE_PRODUCT = YES;
			};
			name = Release;
		};
		4F2EC8FD26DE6D2900174B57 /* Debug */ = {
			isa = XCBuildConfiguration;
			buildSettings = {
				ASSETCATALOG_COMPILER_APPICON_NAME = AppIcon;
				ASSETCATALOG_COMPILER_GLOBAL_ACCENT_COLOR_NAME = AccentColor;
				CODE_SIGN_STYLE = Automatic;
				DEVELOPMENT_TEAM = J885AV5RSG;
				INFOPLIST_FILE = WeatherApp/Info.plist;
				LD_RUNPATH_SEARCH_PATHS = (
					"$(inherited)",
					"@executable_path/Frameworks",
				);
				PRODUCT_BUNDLE_IDENTIFIER = com.example.WeatherApp;
				PRODUCT_NAME = "$(TARGET_NAME)";
				SWIFT_VERSION = 5.0;
				TARGETED_DEVICE_FAMILY = "1,2";
			};
			name = Debug;
		};
		4F2EC8FE26DE6D2900174B57 /* Release */ = {
			isa = XCBuildConfiguration;
			buildSettings = {
				ASSETCATALOG_COMPILER_APPICON_NAME = AppIcon;
				ASSETCATALOG_COMPILER_GLOBAL_ACCENT_COLOR_NAME = AccentColor;
				CODE_SIGN_STYLE = Automatic;
				DEVELOPMENT_TEAM = J885AV5RSG;
				INFOPLIST_FILE = WeatherApp/Info.plist;
				LD_RUNPATH_SEARCH_PATHS = (
					"$(inherited)",
					"@executable_path/Frameworks",
				);
				PRODUCT_BUNDLE_IDENTIFIER = com.example.WeatherApp;
				PRODUCT_NAME = "$(TARGET_NAME)";
				SWIFT_VERSION = 5.0;
				TARGETED_DEVICE_FAMILY = "1,2";
			};
			name = Release;
		};
/* End XCBuildConfiguration section */

/* Begin XCConfigurationList section */
		4F2EC8E326DE6D2600174B57 /* Build configuration list for PBXProject "WeatherApp" */ = {
			isa = XCConfigurationList;
			buildConfigurations = (
				4F2EC8FA26DE6D2900174B57 /* Debug */,
				4F2EC8FB26DE6D2900174B57 /* Release */,
			);
			defaultConfigurationIsVisible = 0;
			defaultConfigurationName = Release;
		};
		4F2EC8FC26DE6D2900174B57 /* Build configuration list for PBXNativeTarget "WeatherApp" */ = {
			isa = XCConfigurationList;
			buildConfigurations = (
				4F2EC8FD26DE6D2900174B57 /* Debug */,
				4F2EC8FE26DE6D2900174B57 /* Release */,
			);
			defaultConfigurationIsVisible = 0;
			defaultConfigurationName = Release;
		};
/* End XCConfigurationList section */
	};
	rootObject = 4F2EC8E026DE6D2600174B57 /* Project object */;
}
